
Microsoft Visual Studio Solution File, Format Version 12.00
# Visual Studio Version 17
VisualStudioVersion = 17.5.002.0
MinimumVisualStudioVersion = 10.0.40219.1
Project("{9A19103F-16F7-4668-BE54-9A1E7A4F7556}") = "CursedPrisoner", "CursedPrisoner\CursedPrisoner.csproj", "{7A1890A3-933A-4157-AC5D-651D497FCEEB}"
EndProject
Global
	GlobalSection(SolutionConfigurationPlatforms) = preSolution
		Debug|Any CPU = Debug|Any CPU
		Release|Any CPU = Release|Any CPU
	EndGlobalSection
	GlobalSection(ProjectConfigurationPlatforms) = postSolution
		{7A1890A3-933A-4157-AC5D-651D497FCEEB}.Debug|Any CPU.ActiveCfg = Debug|Any CPU
		{7A1890A3-933A-4157-AC5D-651D497FCEEB}.Debug|Any CPU.Build.0 = Debug|Any CPU
		{7A1890A3-933A-4157-AC5D-651D497FCEEB}.Release|Any CPU.ActiveCfg = Release|Any CPU
		{7A1890A3-933A-4157-AC5D-651D497FCEEB}.Release|Any CPU.Build.0 = Release|Any CPU
	EndGlobalSection
	GlobalSection(SolutionProperties) = preSolution
		HideSolutionNode = FALSE
	EndGlobalSection
	GlobalSection(ExtensibilityGlobals) = postSolution
		SolutionGuid = {F40438DF-D348-438E-8C3F-35143E7F4B95}
	EndGlobalSection
EndGlobal
